
Microsoft Visual Studio Solution File, Format Version 12.00
# Visual Studio Version 17
VisualStudioVersion = 17.11.35303.130
MinimumVisualStudioVersion = 10.0.40219.1
Project("{FAE04EC0-301F-11D3-BF4B-00C04F79EFBC}") = "ErrorHandling", "ErrorHandling.csproj", "{F58400CD-7675-4097-9236-585A426766DE}"
EndProject
Global
	GlobalSection(SolutionConfigurationPlatforms) = preSolution
		Debug|Any CPU = Debug|Any CPU
		Release|Any CPU = Release|Any CPU
	EndGlobalSection
	GlobalSection(ProjectConfigurationPlatforms) = postSolution
		{F58400CD-7675-4097-9236-585A426766DE}.Debug|Any CPU.ActiveCfg = Debug|Any CPU
		{F58400CD-7675-4097-9236-585A426766DE}.Debug|Any CPU.Build.0 = Debug|Any CPU
		{F58400CD-7675-4097-9236-585A426766DE}.Release|Any CPU.ActiveCfg = Release|Any CPU
		{F58400CD-7675-4097-9236-585A426766DE}.Release|Any CPU.Build.0 = Release|Any CPU
	EndGlobalSection
	GlobalSection(SolutionProperties) = preSolution
		HideSolutionNode = FALSE
	EndGlobalSection
	GlobalSection(ExtensibilityGlobals) = postSolution
		SolutionGuid = {2C6CB28C-6DF4-4D7D-8F12-0CC7CA551A58}
	EndGlobalSection
EndGlobal
